
Microsoft Visual Studio Solution File, Format Version 12.00
# Visual Studio Version 17
VisualStudioVersion = 17.5.002.0
MinimumVisualStudioVersion = 10.0.40219.1
Project("{9A19103F-16F7-4668-BE54-9A1E7A4F7556}") = "ExchangeReceive", "ExchangeReceive.csproj", "{760EA1C0-7710-43CE-90C3-98195183A39A}"
EndProject
Global
	GlobalSection(SolutionConfigurationPlatforms) = preSolution
		Debug|Any CPU = Debug|Any CPU
		Release|Any CPU = Release|Any CPU
	EndGlobalSection
	GlobalSection(ProjectConfigurationPlatforms) = postSolution
		{760EA1C0-7710-43CE-90C3-98195183A39A}.Debug|Any CPU.ActiveCfg = Debug|Any CPU
		{760EA1C0-7710-43CE-90C3-98195183A39A}.Debug|Any CPU.Build.0 = Debug|Any CPU
		{760EA1C0-7710-43CE-90C3-98195183A39A}.Release|Any CPU.ActiveCfg = Release|Any CPU
		{760EA1C0-7710-43CE-90C3-98195183A39A}.Release|Any CPU.Build.0 = Release|Any CPU
	EndGlobalSection
	GlobalSection(SolutionProperties) = preSolution
		HideSolutionNode = FALSE
	EndGlobalSection
	GlobalSection(ExtensibilityGlobals) = postSolution
		SolutionGuid = {C22EB333-357C-43AC-B458-9798D98755AE}
	EndGlobalSection
EndGlobal
