
Microsoft Visual Studio Solution File, Format Version 12.00
# Visual Studio Version 17
VisualStudioVersion = 17.5.002.0
MinimumVisualStudioVersion = 10.0.40219.1
Project("{9A19103F-16F7-4668-BE54-9A1E7A4F7556}") = "Worker", "Worker.csproj", "{70194342-65A3-40F5-BCC3-4D914FB74F27}"
EndProject
Global
	GlobalSection(SolutionConfigurationPlatforms) = preSolution
		Debug|Any CPU = Debug|Any CPU
		Release|Any CPU = Release|Any CPU
	EndGlobalSection
	GlobalSection(ProjectConfigurationPlatforms) = postSolution
		{70194342-65A3-40F5-BCC3-4D914FB74F27}.Debug|Any CPU.ActiveCfg = Debug|Any CPU
		{70194342-65A3-40F5-BCC3-4D914FB74F27}.Debug|Any CPU.Build.0 = Debug|Any CPU
		{70194342-65A3-40F5-BCC3-4D914FB74F27}.Release|Any CPU.ActiveCfg = Release|Any CPU
		{70194342-65A3-40F5-BCC3-4D914FB74F27}.Release|Any CPU.Build.0 = Release|Any CPU
	EndGlobalSection
	GlobalSection(SolutionProperties) = preSolution
		HideSolutionNode = FALSE
	EndGlobalSection
	GlobalSection(ExtensibilityGlobals) = postSolution
		SolutionGuid = {B6144114-5332-48CD-BA45-9A2A05977EDB}
	EndGlobalSection
EndGlobal
